# This file is automatically @generated by Cargo.
# It is not intended for manual editing.
version = 3

[[package]]
name = "harness"
version = "0.1.0"

[[package]]
name = "harness-context"
version = "0.1.0"

[[package]]
name = "harness-core"
version = "0.1.0"
dependencies = [
 "harness-protocol",
]

[[package]]
name = "harness-engine"
version = "0.1.0"

[[package]]
name = "harness-extension-api"
version = "0.1.0"

[[package]]
name = "harness-generic-backend"
version = "0.1.0"

[[package]]
name = "harness-integration-anthropic"
version = "0.1.0"

[[package]]
name = "harness-integration-claude-code"
version = "0.1.0"

[[package]]
name = "harness-integration-codex"
version = "0.1.0"

[[package]]
name = "harness-integration-gemini"
version = "0.1.0"

[[package]]
name = "harness-integration-openai"
version = "0.1.0"

[[package]]
name = "harness-integration-openai-compatible"
version = "0.1.0"

[[package]]
name = "harness-model"
version = "0.1.0"

[[package]]
name = "harness-protocol"
version = "0.1.0"

[[package]]
name = "harness-runtime"
version = "0.1.0"
dependencies = [
 "harness-core",
 "harness-protocol",
]

[[package]]
name = "harness-session-store"
version = "0.1.0"

[[package]]
name = "harness-tool-filesystem"
version = "0.1.0"

[[package]]
name = "harness-tool-git"
version = "0.1.0"

[[package]]
name = "harness-tool-shell"
version = "0.1.0"

[[package]]
name = "harness-tools"
version = "0.1.0"

[[package]]
name = "harness-transport-ipc"
version = "0.1.0"

[[package]]
name = "harness-transport-stdio"
version = "0.1.0"

[[package]]
name = "harness-transport-websocket"
version = "0.1.0"

[[package]]
name = "harness-workspace"
version = "0.1.0"

[[package]]
name = "harnessctl"
version = "0.1.0"

[[package]]
name = "harnessd"
version = "0.1.0"
